
Microsoft Visual Studio Solution File, Format Version 12.00
# Visual Studio Version 17
VisualStudioVersion = 17.14.36408.4 d17.14
MinimumVisualStudioVersion = 10.0.40219.1
Project("{FAE04EC0-301F-11D3-BF4B-00C04F79EFBC}") = "Vin'sTrouble", "Vin'sTrouble.csproj", "{709C820D-47CC-44A4-819C-8AC5536DE6FD}"
EndProject
Global
	GlobalSection(SolutionConfigurationPlatforms) = preSolution
		Debug|Any CPU = Debug|Any CPU
		Release|Any CPU = Release|Any CPU
	EndGlobalSection
	GlobalSection(ProjectConfigurationPlatforms) = postSolution
		{709C820D-47CC-44A4-819C-8AC5536DE6FD}.Debug|Any CPU.ActiveCfg = Debug|Any CPU
		{709C820D-47CC-44A4-819C-8AC5536DE6FD}.Debug|Any CPU.Build.0 = Debug|Any CPU
		{709C820D-47CC-44A4-819C-8AC5536DE6FD}.Release|Any CPU.ActiveCfg = Release|Any CPU
		{709C820D-47CC-44A4-819C-8AC5536DE6FD}.Release|Any CPU.Build.0 = Release|Any CPU
	EndGlobalSection
	GlobalSection(SolutionProperties) = preSolution
		HideSolutionNode = FALSE
	EndGlobalSection
	GlobalSection(ExtensibilityGlobals) = postSolution
		SolutionGuid = {2135BAF4-F728-426B-96BA-DAA1D3FDE040}
	EndGlobalSection
EndGlobal
